
Microsoft Visual Studio Solution File, Format Version 12.00
# Visual Studio 2013
VisualStudioVersion = 12.0.31101.0
MinimumVisualStudioVersion = 10.0.40219.1
Project("{FAE04EC0-301F-11D3-BF4B-00C04F79EFBC}") = "SystemBarTint.Net", "SystemBarTint.Net\SystemBarTint.Net.csproj", "{69C943B5-BDD9-41B4-88F5-3F5310C0D116}"
EndProject
Project("{FAE04EC0-301F-11D3-BF4B-00C04F79EFBC}") = "SystemBarTint.Sample", "SystemBarTint.Sample\SystemBarTint.Sample.csproj", "{37D0260E-8426-445D-A515-FAB5958D43F3}"
EndProject
Project("{2150E333-8FDC-42A3-9474-1A3956D46DE8}") = "Solution Items", "Solution Items", "{196C75F8-27D5-49E9-92FB-C2E92E1FF43B}"
	ProjectSection(SolutionItems) = preProject
		README.md = README.md
	EndProjectSection
EndProject
Global
	GlobalSection(SolutionConfigurationPlatforms) = preSolution
		Debug|Any CPU = Debug|Any CPU
		Release|Any CPU = Release|Any CPU
	EndGlobalSection
	GlobalSection(ProjectConfigurationPlatforms) = postSolution
		{69C943B5-BDD9-41B4-88F5-3F5310C0D116}.Debug|Any CPU.ActiveCfg = Debug|Any CPU
		{69C943B5-BDD9-41B4-88F5-3F5310C0D116}.Debug|Any CPU.Build.0 = Debug|Any CPU
		{69C943B5-BDD9-41B4-88F5-3F5310C0D116}.Release|Any CPU.ActiveCfg = Release|Any CPU
		{69C943B5-BDD9-41B4-88F5-3F5310C0D116}.Release|Any CPU.Build.0 = Release|Any CPU
		{37D0260E-8426-445D-A515-FAB5958D43F3}.Debug|Any CPU.ActiveCfg = Debug|Any CPU
		{37D0260E-8426-445D-A515-FAB5958D43F3}.Debug|Any CPU.Build.0 = Debug|Any CPU
		{37D0260E-8426-445D-A515-FAB5958D43F3}.Debug|Any CPU.Deploy.0 = Debug|Any CPU
		{37D0260E-8426-445D-A515-FAB5958D43F3}.Release|Any CPU.ActiveCfg = Release|Any CPU
		{37D0260E-8426-445D-A515-FAB5958D43F3}.Release|Any CPU.Build.0 = Release|Any CPU
		{37D0260E-8426-445D-A515-FAB5958D43F3}.Release|Any CPU.Deploy.0 = Release|Any CPU
	EndGlobalSection
	GlobalSection(SolutionProperties) = preSolution
		HideSolutionNode = FALSE
	EndGlobalSection
EndGlobal
